{
  "name": "blog-front-end",
  "lockfileVersion": 3,
  "requires": true,
  "packages": {
    "": {
      "dependencies": {
        "@tinymce/tinymce-react": "^4.3.0",
        "react-router-dom": "^6.16.0"
      }
    },
    "node_modules/@remix-run/router": {
      "version": "1.9.0",
      "resolved": "https://registry.npmjs.org/@remix-run/router/-/router-1.9.0.tgz",
      "integrity": "sha512-bV63itrKBC0zdT27qYm6SDZHlkXwFL1xMBuhkn+X7l0+IIhNaH5wuuvZKp6eKhCD4KFhujhfhCT1YxXW6esUIA==",
      "engines": {
        "node": ">=14.0.0"
      }
    },
    "node_modules/@tinymce/tinymce-react": {
      "version": "4.3.0",
      "resolved": "https://registry.npmjs.org/@tinymce/tinymce-react/-/tinymce-react-4.3.0.tgz",
      "integrity": "sha512-iB4cUsYfcJL4NGuKhqCGYuTmFTje3nPxyPv1HxprTsp/YMGuuiiSNWrv3zwI31QX5Cn8qeq9MrMDnbxuRugHyg==",
      "dependencies": {
        "prop-types": "^15.6.2",
        "tinymce": "^6.3.1"
      },
      "peerDependencies": {
        "react": "^18.0.0 || ^17.0.1 || ^16.7.0",
        "react-dom": "^18.0.0 || ^17.0.1 || ^16.7.0"
      }
    },
    "node_modules/js-tokens": {
      "version": "4.0.0",
      "resolved": "https://registry.npmjs.org/js-tokens/-/js-tokens-4.0.0.tgz",
      "integrity": "sha512-RdJUflcE3cUzKiMqQgsCu06FPu9UdIJO0beYbPhHN4k6apgJtifcoCtT9bcxOpYBtpD2kCM6Sbzg4CausW/PKQ=="
    },
    "node_modules/loose-envify": {
      "version": "1.4.0",
      "resolved": "https://registry.npmjs.org/loose-envify/-/loose-envify-1.4.0.tgz",
      "integrity": "sha512-lyuxPGr/Wfhrlem2CL/UcnUc1zcqKAImBDzukY7Y5F/yQiNdko6+fRLevlw1HgMySw7f611UIY408EtxRSoK3Q==",
      "dependencies": {
        "js-tokens": "^3.0.0 || ^4.0.0"
      },
      "bin": {
        "loose-envify": "cli.js"
      }
    },
    "node_modules/object-assign": {
      "version": "4.1.1",
      "resolved": "https://registry.npmjs.org/object-assign/-/object-assign-4.1.1.tgz",
      "integrity": "sha512-rJgTQnkUnH1sFw8yT6VSU3zD3sWmu6sZhIseY8VX+GRu3P6F7Fu+JNDoXfklElbLJSnc3FUQHVe4cU5hj+BcUg==",
      "engines": {
        "node": ">=0.10.0"
      }
    },
    "node_modules/prop-types": {
      "version": "15.8.1",
      "resolved": "https://registry.npmjs.org/prop-types/-/prop-types-15.8.1.tgz",
      "integrity": "sha512-oj87CgZICdulUohogVAR7AjlC0327U4el4L6eAvOqCeudMDVU0NThNaV+b9Df4dXgSP1gXMTnPdhfe/2qDH5cg==",
      "dependencies": {
        "loose-envify": "^1.4.0",
        "object-assign": "^4.1.1",
        "react-is": "^16.13.1"
      }
    },
    "node_modules/react-is": {
      "version": "16.13.1",
      "resolved": "https://registry.npmjs.org/react-is/-/react-is-16.13.1.tgz",
      "integrity": "sha512-24e6ynE2H+OKt4kqsOvNd8kBpV65zoxbA4BVsEOB3ARVWQki/DHzaUoC5KuON/BiccDaCCTZBuOcfZs70kR8bQ=="
    },
    "node_modules/react-router": {
      "version": "6.16.0",
      "resolved": "https://registry.npmjs.org/react-router/-/react-router-6.16.0.tgz",
      "integrity": "sha512-VT4Mmc4jj5YyjpOi5jOf0I+TYzGpvzERy4ckNSvSh2RArv8LLoCxlsZ2D+tc7zgjxcY34oTz2hZaeX5RVprKqA==",
      "dependencies": {
        "@remix-run/router": "1.9.0"
      },
      "engines": {
        "node": ">=14.0.0"
      },
      "peerDependencies": {
        "react": ">=16.8"
      }
    },
    "node_modules/react-router-dom": {
      "version": "6.16.0",
      "resolved": "https://registry.npmjs.org/react-router-dom/-/react-router-dom-6.16.0.tgz",
      "integrity": "sha512-aTfBLv3mk/gaKLxgRDUPbPw+s4Y/O+ma3rEN1u8EgEpLpPe6gNjIsWt9rxushMHHMb7mSwxRGdGlGdvmFsyPIg==",
      "dependencies": {
        "@remix-run/router": "1.9.0",
        "react-router": "6.16.0"
      },
      "engines": {
        "node": ">=14.0.0"
      },
      "peerDependencies": {
        "react": ">=16.8",
        "react-dom": ">=16.8"
      }
    },
    "node_modules/tinymce": {
      "version": "6.7.0",
      "resolved": "https://registry.npmjs.org/tinymce/-/tinymce-6.7.0.tgz",
      "integrity": "sha512-Wf2RSobIXQ7XNw3/v4z1lPGiH3Pjsmc/6/7fG28aIS6uVWj/7IhvOPuwfJJDeOx0o0D3nSnoLHgR2KU8JAdE+w=="
    }
  }
}
